
Microsoft Visual Studio Solution File, Format Version 12.00
# Visual Studio 2013
VisualStudioVersion = 12.0.40629.0
MinimumVisualStudioVersion = 10.0.40219.1
Project("{FAE04EC0-301F-11D3-BF4B-00C04F79EFBC}") = "kcura-cities", "kcura-cities\kcura-cities.csproj", "{89555517-4F87-4FF9-B0B9-454D568F87DB}"
EndProject
Project("{FAE04EC0-301F-11D3-BF4B-00C04F79EFBC}") = "kcura-cities-tests", "kcura-cities-tests\kcura-cities-tests.csproj", "{48EE854F-4DD3-4775-B23F-5B7E7817D8B1}"
EndProject
Project("{FAE04EC0-301F-11D3-BF4B-00C04F79EFBC}") = "kcura-cities-common", "kcura-cities-common\kcura-cities-common.csproj", "{AF02358A-7EEB-4E37-A576-8C9E63DCC513}"
EndProject
Global
	GlobalSection(SolutionConfigurationPlatforms) = preSolution
		Debug|Any CPU = Debug|Any CPU
		Release|Any CPU = Release|Any CPU
	EndGlobalSection
	GlobalSection(ProjectConfigurationPlatforms) = postSolution
		{89555517-4F87-4FF9-B0B9-454D568F87DB}.Debug|Any CPU.ActiveCfg = Debug|Any CPU
		{89555517-4F87-4FF9-B0B9-454D568F87DB}.Debug|Any CPU.Build.0 = Debug|Any CPU
		{89555517-4F87-4FF9-B0B9-454D568F87DB}.Release|Any CPU.ActiveCfg = Release|Any CPU
		{89555517-4F87-4FF9-B0B9-454D568F87DB}.Release|Any CPU.Build.0 = Release|Any CPU
		{48EE854F-4DD3-4775-B23F-5B7E7817D8B1}.Debug|Any CPU.ActiveCfg = Debug|Any CPU
		{48EE854F-4DD3-4775-B23F-5B7E7817D8B1}.Debug|Any CPU.Build.0 = Debug|Any CPU
		{48EE854F-4DD3-4775-B23F-5B7E7817D8B1}.Release|Any CPU.ActiveCfg = Release|Any CPU
		{48EE854F-4DD3-4775-B23F-5B7E7817D8B1}.Release|Any CPU.Build.0 = Release|Any CPU
		{AF02358A-7EEB-4E37-A576-8C9E63DCC513}.Debug|Any CPU.ActiveCfg = Debug|Any CPU
		{AF02358A-7EEB-4E37-A576-8C9E63DCC513}.Debug|Any CPU.Build.0 = Debug|Any CPU
		{AF02358A-7EEB-4E37-A576-8C9E63DCC513}.Release|Any CPU.ActiveCfg = Release|Any CPU
		{AF02358A-7EEB-4E37-A576-8C9E63DCC513}.Release|Any CPU.Build.0 = Release|Any CPU
	EndGlobalSection
	GlobalSection(SolutionProperties) = preSolution
		HideSolutionNode = FALSE
	EndGlobalSection
EndGlobal
